
Microsoft Visual Studio Solution File, Format Version 12.00
# Visual Studio Version 17
VisualStudioVersion = 17.2.33027.314
MinimumVisualStudioVersion = 10.0.40219.1
Project("{9A19103F-16F7-4668-BE54-9A1E7A4F7556}") = "TA.PRICINGFEEDS.API.V1", "TA.PRICINGFEEDS.API.V1\TA.PRICINGFEEDS.API.V1.csproj", "{D33D3FF2-FE07-49D8-AA24-019735530B1B}"
EndProject
Project("{9A19103F-16F7-4668-BE54-9A1E7A4F7556}") = "TA.PRICINGFEEDS.DATA.V1", "TA.PRICINGFEEDS.DATA.V1\TA.PRICINGFEEDS.DATA.V1.csproj", "{3CBF9CC5-BB78-41DE-A3AE-E53236E2F5CE}"
EndProject
Project("{9A19103F-16F7-4668-BE54-9A1E7A4F7556}") = "TA.PRICINGFEEDS.ENTITIES", "TA.PRICINGFEEDS.MODELS\TA.PRICINGFEEDS.ENTITIES.csproj", "{BA06DE88-114E-4C4C-B3A4-7E9AA3F42373}"
EndProject
Project("{9A19103F-16F7-4668-BE54-9A1E7A4F7556}") = "TA.PRICINGFEEDS.REPOSITORIES", "TA.PRICINGFEEDS.REPOSITORIES\TA.PRICINGFEEDS.REPOSITORIES.csproj", "{AF3CBB0D-5108-44F3-95D9-5305946391F6}"
EndProject
Project("{9A19103F-16F7-4668-BE54-9A1E7A4F7556}") = "TA.PRICINGFEEDS.SERVICE", "TA.PRICINGFEEDS.SERVICE\TA.PRICINGFEEDS.SERVICE.csproj", "{2C5EC256-A3A3-4389-9A9A-BB863FF04F14}"
EndProject
Project("{FAE04EC0-301F-11D3-BF4B-00C04F79EFBC}") = "TA.PRICINGFEEDS.FILES.API.V1", "TA.PRICINGFEEDS.FILES.API.V1\TA.PRICINGFEEDS.FILES.API.V1.csproj", "{4B9E1816-477C-4DCA-9A4B-D3A4F1518E0A}"
EndProject
Global
	GlobalSection(SolutionConfigurationPlatforms) = preSolution
		Debug|Any CPU = Debug|Any CPU
		Release|Any CPU = Release|Any CPU
	EndGlobalSection
	GlobalSection(ProjectConfigurationPlatforms) = postSolution
		{D33D3FF2-FE07-49D8-AA24-019735530B1B}.Debug|Any CPU.ActiveCfg = Debug|Any CPU
		{D33D3FF2-FE07-49D8-AA24-019735530B1B}.Debug|Any CPU.Build.0 = Debug|Any CPU
		{D33D3FF2-FE07-49D8-AA24-019735530B1B}.Release|Any CPU.ActiveCfg = Release|Any CPU
		{D33D3FF2-FE07-49D8-AA24-019735530B1B}.Release|Any CPU.Build.0 = Release|Any CPU
		{3CBF9CC5-BB78-41DE-A3AE-E53236E2F5CE}.Debug|Any CPU.ActiveCfg = Debug|Any CPU
		{3CBF9CC5-BB78-41DE-A3AE-E53236E2F5CE}.Debug|Any CPU.Build.0 = Debug|Any CPU
		{3CBF9CC5-BB78-41DE-A3AE-E53236E2F5CE}.Release|Any CPU.ActiveCfg = Release|Any CPU
		{3CBF9CC5-BB78-41DE-A3AE-E53236E2F5CE}.Release|Any CPU.Build.0 = Release|Any CPU
		{BA06DE88-114E-4C4C-B3A4-7E9AA3F42373}.Debug|Any CPU.ActiveCfg = Debug|Any CPU
		{BA06DE88-114E-4C4C-B3A4-7E9AA3F42373}.Debug|Any CPU.Build.0 = Debug|Any CPU
		{BA06DE88-114E-4C4C-B3A4-7E9AA3F42373}.Release|Any CPU.ActiveCfg = Release|Any CPU
		{BA06DE88-114E-4C4C-B3A4-7E9AA3F42373}.Release|Any CPU.Build.0 = Release|Any CPU
		{AF3CBB0D-5108-44F3-95D9-5305946391F6}.Debug|Any CPU.ActiveCfg = Debug|Any CPU
		{AF3CBB0D-5108-44F3-95D9-5305946391F6}.Debug|Any CPU.Build.0 = Debug|Any CPU
		{AF3CBB0D-5108-44F3-95D9-5305946391F6}.Release|Any CPU.ActiveCfg = Release|Any CPU
		{AF3CBB0D-5108-44F3-95D9-5305946391F6}.Release|Any CPU.Build.0 = Release|Any CPU
		{2C5EC256-A3A3-4389-9A9A-BB863FF04F14}.Debug|Any CPU.ActiveCfg = Debug|Any CPU
		{2C5EC256-A3A3-4389-9A9A-BB863FF04F14}.Debug|Any CPU.Build.0 = Debug|Any CPU
		{2C5EC256-A3A3-4389-9A9A-BB863FF04F14}.Release|Any CPU.ActiveCfg = Release|Any CPU
		{2C5EC256-A3A3-4389-9A9A-BB863FF04F14}.Release|Any CPU.Build.0 = Release|Any CPU
		{4B9E1816-477C-4DCA-9A4B-D3A4F1518E0A}.Debug|Any CPU.ActiveCfg = Debug|Any CPU
		{4B9E1816-477C-4DCA-9A4B-D3A4F1518E0A}.Debug|Any CPU.Build.0 = Debug|Any CPU
		{4B9E1816-477C-4DCA-9A4B-D3A4F1518E0A}.Release|Any CPU.ActiveCfg = Release|Any CPU
		{4B9E1816-477C-4DCA-9A4B-D3A4F1518E0A}.Release|Any CPU.Build.0 = Release|Any CPU
	EndGlobalSection
	GlobalSection(SolutionProperties) = preSolution
		HideSolutionNode = FALSE
	EndGlobalSection
	GlobalSection(ExtensibilityGlobals) = postSolution
		SolutionGuid = {0F221E3A-B107-4B44-9900-A36AEF00B5F7}
	EndGlobalSection
EndGlobal
